
Microsoft Visual Studio Solution File, Format Version 12.00
# Visual Studio 15
VisualStudioVersion = 15.0.28307.645
MinimumVisualStudioVersion = 10.0.40219.1
Project("{8BC9CEB8-8B4A-11D0-8D11-00A0C91BC942}") = "OOP_LABA_08_TASK_1", "OOP_LABA_08_TASK_1\OOP_LABA_08_TASK_1.vcxproj", "{6C805B39-7170-40B6-BF21-FCA005B43686}"
EndProject
Global
	GlobalSection(SolutionConfigurationPlatforms) = preSolution
		Debug|x64 = Debug|x64
		Debug|x86 = Debug|x86
		Release|x64 = Release|x64
		Release|x86 = Release|x86
	EndGlobalSection
	GlobalSection(ProjectConfigurationPlatforms) = postSolution
		{6C805B39-7170-40B6-BF21-FCA005B43686}.Debug|x64.ActiveCfg = Debug|x64
		{6C805B39-7170-40B6-BF21-FCA005B43686}.Debug|x64.Build.0 = Debug|x64
		{6C805B39-7170-40B6-BF21-FCA005B43686}.Debug|x86.ActiveCfg = Debug|Win32
		{6C805B39-7170-40B6-BF21-FCA005B43686}.Debug|x86.Build.0 = Debug|Win32
		{6C805B39-7170-40B6-BF21-FCA005B43686}.Release|x64.ActiveCfg = Release|x64
		{6C805B39-7170-40B6-BF21-FCA005B43686}.Release|x64.Build.0 = Release|x64
		{6C805B39-7170-40B6-BF21-FCA005B43686}.Release|x86.ActiveCfg = Release|Win32
		{6C805B39-7170-40B6-BF21-FCA005B43686}.Release|x86.Build.0 = Release|Win32
	EndGlobalSection
	GlobalSection(SolutionProperties) = preSolution
		HideSolutionNode = FALSE
	EndGlobalSection
	GlobalSection(ExtensibilityGlobals) = postSolution
		SolutionGuid = {830F845C-5980-4763-8560-3F677F0090CF}
	EndGlobalSection
EndGlobal
